
Microsoft Visual Studio Solution File, Format Version 12.00
# Visual Studio Version 16
VisualStudioVersion = 16.0.29806.167
MinimumVisualStudioVersion = 10.0.40219.1
Project("{9A19103F-16F7-4668-BE54-9A1E7A4F7556}") = "BackendTest.Api.Tests", "test\BackendTest.Api.Tests\BackendTest.Api.Tests.csproj", "{7E87F26E-11E3-4CEA-B3FB-88C5FBCAAAD8}"
EndProject
Project("{2150E333-8FDC-42A3-9474-1A3956D46DE8}") = "Api", "Api", "{15F4DE11-8851-4F66-9CDA-41D3B13A705F}"
EndProject
Project("{9A19103F-16F7-4668-BE54-9A1E7A4F7556}") = "BackendTest.Api", "src\BackendTest.Api\BackendTest.Api.csproj", "{EEE9F654-792E-49BD-8DA7-ED105CE08D1C}"
EndProject
Project("{9A19103F-16F7-4668-BE54-9A1E7A4F7556}") = "BackendTest.Infrastructure.CrossCutting", "src\BackendTest.Infrastructure.CrossCutting\BackendTest.Infrastructure.CrossCutting.csproj", "{4FA38244-5E96-4F71-A3F2-E9403C971974}"
EndProject
Project("{2150E333-8FDC-42A3-9474-1A3956D46DE8}") = "Infrastructure", "Infrastructure", "{7A063849-B829-42F4-82C5-B1C0D5F5C515}"
EndProject
Project("{FAE04EC0-301F-11D3-BF4B-00C04F79EFBC}") = "BackendTest.Domain.Tests", "test\BackendTest.Domain.Tests\BackendTest.Domain.Tests.csproj", "{07ED1DD1-8421-421B-AB3D-EE9A3D9A22A5}"
EndProject
Project("{2150E333-8FDC-42A3-9474-1A3956D46DE8}") = "Domain", "Domain", "{BB3A904E-CFC6-403A-97D6-9B3A5173AD4B}"
EndProject
Project("{FAE04EC0-301F-11D3-BF4B-00C04F79EFBC}") = "BackendTest.Domain", "src\BackendTest.Domain\BackendTest.Domain.csproj", "{1542A0B9-BC7E-4528-B243-DBE76C624B35}"
EndProject
Project("{FAE04EC0-301F-11D3-BF4B-00C04F79EFBC}") = "BackendTest.Infrastructure.Data", "src\BackendTest.Infrastructure.Data\BackendTest.Infrastructure.Data.csproj", "{F45CBF42-75D3-4418-9D62-58C6AB38CE88}"
EndProject
Global
	GlobalSection(SolutionConfigurationPlatforms) = preSolution
		Debug|Any CPU = Debug|Any CPU
		Release|Any CPU = Release|Any CPU
	EndGlobalSection
	GlobalSection(ProjectConfigurationPlatforms) = postSolution
		{7E87F26E-11E3-4CEA-B3FB-88C5FBCAAAD8}.Debug|Any CPU.ActiveCfg = Debug|Any CPU
		{7E87F26E-11E3-4CEA-B3FB-88C5FBCAAAD8}.Debug|Any CPU.Build.0 = Debug|Any CPU
		{7E87F26E-11E3-4CEA-B3FB-88C5FBCAAAD8}.Release|Any CPU.ActiveCfg = Release|Any CPU
		{7E87F26E-11E3-4CEA-B3FB-88C5FBCAAAD8}.Release|Any CPU.Build.0 = Release|Any CPU
		{EEE9F654-792E-49BD-8DA7-ED105CE08D1C}.Debug|Any CPU.ActiveCfg = Debug|Any CPU
		{EEE9F654-792E-49BD-8DA7-ED105CE08D1C}.Debug|Any CPU.Build.0 = Debug|Any CPU
		{EEE9F654-792E-49BD-8DA7-ED105CE08D1C}.Release|Any CPU.ActiveCfg = Release|Any CPU
		{EEE9F654-792E-49BD-8DA7-ED105CE08D1C}.Release|Any CPU.Build.0 = Release|Any CPU
		{4FA38244-5E96-4F71-A3F2-E9403C971974}.Debug|Any CPU.ActiveCfg = Debug|Any CPU
		{4FA38244-5E96-4F71-A3F2-E9403C971974}.Debug|Any CPU.Build.0 = Debug|Any CPU
		{4FA38244-5E96-4F71-A3F2-E9403C971974}.Release|Any CPU.ActiveCfg = Release|Any CPU
		{4FA38244-5E96-4F71-A3F2-E9403C971974}.Release|Any CPU.Build.0 = Release|Any CPU
		{07ED1DD1-8421-421B-AB3D-EE9A3D9A22A5}.Debug|Any CPU.ActiveCfg = Debug|Any CPU
		{07ED1DD1-8421-421B-AB3D-EE9A3D9A22A5}.Debug|Any CPU.Build.0 = Debug|Any CPU
		{07ED1DD1-8421-421B-AB3D-EE9A3D9A22A5}.Release|Any CPU.ActiveCfg = Release|Any CPU
		{07ED1DD1-8421-421B-AB3D-EE9A3D9A22A5}.Release|Any CPU.Build.0 = Release|Any CPU
		{1542A0B9-BC7E-4528-B243-DBE76C624B35}.Debug|Any CPU.ActiveCfg = Debug|Any CPU
		{1542A0B9-BC7E-4528-B243-DBE76C624B35}.Debug|Any CPU.Build.0 = Debug|Any CPU
		{1542A0B9-BC7E-4528-B243-DBE76C624B35}.Release|Any CPU.ActiveCfg = Release|Any CPU
		{1542A0B9-BC7E-4528-B243-DBE76C624B35}.Release|Any CPU.Build.0 = Release|Any CPU
		{F45CBF42-75D3-4418-9D62-58C6AB38CE88}.Debug|Any CPU.ActiveCfg = Debug|Any CPU
		{F45CBF42-75D3-4418-9D62-58C6AB38CE88}.Debug|Any CPU.Build.0 = Debug|Any CPU
		{F45CBF42-75D3-4418-9D62-58C6AB38CE88}.Release|Any CPU.ActiveCfg = Release|Any CPU
		{F45CBF42-75D3-4418-9D62-58C6AB38CE88}.Release|Any CPU.Build.0 = Release|Any CPU
	EndGlobalSection
	GlobalSection(SolutionProperties) = preSolution
		HideSolutionNode = FALSE
	EndGlobalSection
	GlobalSection(NestedProjects) = preSolution
		{7E87F26E-11E3-4CEA-B3FB-88C5FBCAAAD8} = {15F4DE11-8851-4F66-9CDA-41D3B13A705F}
		{EEE9F654-792E-49BD-8DA7-ED105CE08D1C} = {15F4DE11-8851-4F66-9CDA-41D3B13A705F}
		{4FA38244-5E96-4F71-A3F2-E9403C971974} = {7A063849-B829-42F4-82C5-B1C0D5F5C515}
		{07ED1DD1-8421-421B-AB3D-EE9A3D9A22A5} = {BB3A904E-CFC6-403A-97D6-9B3A5173AD4B}
		{1542A0B9-BC7E-4528-B243-DBE76C624B35} = {BB3A904E-CFC6-403A-97D6-9B3A5173AD4B}
		{F45CBF42-75D3-4418-9D62-58C6AB38CE88} = {7A063849-B829-42F4-82C5-B1C0D5F5C515}
	EndGlobalSection
	GlobalSection(ExtensibilityGlobals) = postSolution
		SolutionGuid = {A8BE3631-8A54-4730-A901-CE48D92C794C}
	EndGlobalSection
EndGlobal
